
Microsoft Visual Studio Solution File, Format Version 12.00
# Visual Studio Version 16
VisualStudioVersion = 16.0.29806.167
MinimumVisualStudioVersion = 10.0.40219.1
Project("{2150E333-8FDC-42A3-9474-1A3956D46DE8}") = "src", "src", "{7EB38E62-CB8E-4D21-9AC0-5F3D49775869}"
EndProject
Project("{2150E333-8FDC-42A3-9474-1A3956D46DE8}") = "services", "services", "{28EB3C3A-BA75-4A7C-935B-263B20060CE8}"
EndProject
Project("{2150E333-8FDC-42A3-9474-1A3956D46DE8}") = "Solution Items", "Solution Items", "{94EAD18E-F77C-414F-BC48-F281D8A2422E}"
	ProjectSection(SolutionItems) = preProject
		MeetingAgenda.txt = MeetingAgenda.txt
		MicroservicesBuildingRoadmap.txt = MicroservicesBuildingRoadmap.txt
		ToDo.txt = ToDo.txt
	EndProjectSection
EndProject
Project("{E53339B2-1760-4266-BCC7-CA923CBCF16C}") = "docker-compose", "docker-compose.dcproj", "{0EF9726F-2531-4008-B9E0-8CA023AE9DDE}"
EndProject
Project("{9A19103F-16F7-4668-BE54-9A1E7A4F7556}") = "EventCatalogApi", "EventCatalogApi\EventCatalogApi.csproj", "{33FF4947-9972-49A3-8CF3-D8E6B6BC4EC9}"
EndProject
Project("{9A19103F-16F7-4668-BE54-9A1E7A4F7556}") = "WebMVC", "WebMVC\WebMVC.csproj", "{195B23BD-AD39-4FD5-BE47-904EC7E87DBD}"
EndProject
Project("{2150E333-8FDC-42A3-9474-1A3956D46DE8}") = "web", "web", "{B0714B04-1387-482E-A810-F9CA5417772E}"
EndProject
Project("{9A19103F-16F7-4668-BE54-9A1E7A4F7556}") = "TokenServiceApi", "TokenServiceApi\TokenServiceApi.csproj", "{20F9D880-96E4-40AB-A1F8-2943241FF625}"
EndProject
Project("{FAE04EC0-301F-11D3-BF4B-00C04F79EFBC}") = "EventCartApi", "EventCartApi\EventCartApi.csproj", "{24CCB32B-C235-44AF-9442-A1D95054550C}"
EndProject
Project("{FAE04EC0-301F-11D3-BF4B-00C04F79EFBC}") = "EventOrderApi", "EventOrderApi\EventOrderApi.csproj", "{2F881E52-8B29-41E3-9452-0C8E4FA9F3C5}"
EndProject
Global
	GlobalSection(SolutionConfigurationPlatforms) = preSolution
		Debug|Any CPU = Debug|Any CPU
		Release|Any CPU = Release|Any CPU
	EndGlobalSection
	GlobalSection(ProjectConfigurationPlatforms) = postSolution
		{0EF9726F-2531-4008-B9E0-8CA023AE9DDE}.Debug|Any CPU.ActiveCfg = Debug|Any CPU
		{0EF9726F-2531-4008-B9E0-8CA023AE9DDE}.Debug|Any CPU.Build.0 = Debug|Any CPU
		{0EF9726F-2531-4008-B9E0-8CA023AE9DDE}.Release|Any CPU.ActiveCfg = Release|Any CPU
		{0EF9726F-2531-4008-B9E0-8CA023AE9DDE}.Release|Any CPU.Build.0 = Release|Any CPU
		{33FF4947-9972-49A3-8CF3-D8E6B6BC4EC9}.Debug|Any CPU.ActiveCfg = Debug|Any CPU
		{33FF4947-9972-49A3-8CF3-D8E6B6BC4EC9}.Debug|Any CPU.Build.0 = Debug|Any CPU
		{33FF4947-9972-49A3-8CF3-D8E6B6BC4EC9}.Release|Any CPU.ActiveCfg = Release|Any CPU
		{33FF4947-9972-49A3-8CF3-D8E6B6BC4EC9}.Release|Any CPU.Build.0 = Release|Any CPU
		{195B23BD-AD39-4FD5-BE47-904EC7E87DBD}.Debug|Any CPU.ActiveCfg = Debug|Any CPU
		{195B23BD-AD39-4FD5-BE47-904EC7E87DBD}.Debug|Any CPU.Build.0 = Debug|Any CPU
		{195B23BD-AD39-4FD5-BE47-904EC7E87DBD}.Release|Any CPU.ActiveCfg = Release|Any CPU
		{195B23BD-AD39-4FD5-BE47-904EC7E87DBD}.Release|Any CPU.Build.0 = Release|Any CPU
		{20F9D880-96E4-40AB-A1F8-2943241FF625}.Debug|Any CPU.ActiveCfg = Debug|Any CPU
		{20F9D880-96E4-40AB-A1F8-2943241FF625}.Debug|Any CPU.Build.0 = Debug|Any CPU
		{20F9D880-96E4-40AB-A1F8-2943241FF625}.Release|Any CPU.ActiveCfg = Release|Any CPU
		{20F9D880-96E4-40AB-A1F8-2943241FF625}.Release|Any CPU.Build.0 = Release|Any CPU
		{24CCB32B-C235-44AF-9442-A1D95054550C}.Debug|Any CPU.ActiveCfg = Debug|Any CPU
		{24CCB32B-C235-44AF-9442-A1D95054550C}.Debug|Any CPU.Build.0 = Debug|Any CPU
		{24CCB32B-C235-44AF-9442-A1D95054550C}.Release|Any CPU.ActiveCfg = Release|Any CPU
		{24CCB32B-C235-44AF-9442-A1D95054550C}.Release|Any CPU.Build.0 = Release|Any CPU
		{2F881E52-8B29-41E3-9452-0C8E4FA9F3C5}.Debug|Any CPU.ActiveCfg = Debug|Any CPU
		{2F881E52-8B29-41E3-9452-0C8E4FA9F3C5}.Debug|Any CPU.Build.0 = Debug|Any CPU
		{2F881E52-8B29-41E3-9452-0C8E4FA9F3C5}.Release|Any CPU.ActiveCfg = Release|Any CPU
		{2F881E52-8B29-41E3-9452-0C8E4FA9F3C5}.Release|Any CPU.Build.0 = Release|Any CPU
	EndGlobalSection
	GlobalSection(SolutionProperties) = preSolution
		HideSolutionNode = FALSE
	EndGlobalSection
	GlobalSection(NestedProjects) = preSolution
		{28EB3C3A-BA75-4A7C-935B-263B20060CE8} = {7EB38E62-CB8E-4D21-9AC0-5F3D49775869}
		{33FF4947-9972-49A3-8CF3-D8E6B6BC4EC9} = {28EB3C3A-BA75-4A7C-935B-263B20060CE8}
		{195B23BD-AD39-4FD5-BE47-904EC7E87DBD} = {B0714B04-1387-482E-A810-F9CA5417772E}
		{20F9D880-96E4-40AB-A1F8-2943241FF625} = {28EB3C3A-BA75-4A7C-935B-263B20060CE8}
		{24CCB32B-C235-44AF-9442-A1D95054550C} = {28EB3C3A-BA75-4A7C-935B-263B20060CE8}
		{2F881E52-8B29-41E3-9452-0C8E4FA9F3C5} = {28EB3C3A-BA75-4A7C-935B-263B20060CE8}
	EndGlobalSection
	GlobalSection(ExtensibilityGlobals) = postSolution
		SolutionGuid = {F9CB298B-36A1-4397-BDB9-E9E08E834996}
	EndGlobalSection
EndGlobal
